
Microsoft Visual Studio Solution File, Format Version 12.00
# Visual Studio Version 16
VisualStudioVersion = 16.0.31321.278
MinimumVisualStudioVersion = 10.0.40219.1
Project("{FAE04EC0-301F-11D3-BF4B-00C04F79EFBC}") = "ConsoleGame", "ConsoleGame\ConsoleGame.csproj", "{D80A0B6C-3D63-4A3B-8F99-38CCF8C22FA8}"
EndProject
Global
	GlobalSection(SolutionConfigurationPlatforms) = preSolution
		Debug|Any CPU = Debug|Any CPU
		Release|Any CPU = Release|Any CPU
	EndGlobalSection
	GlobalSection(ProjectConfigurationPlatforms) = postSolution
		{D80A0B6C-3D63-4A3B-8F99-38CCF8C22FA8}.Debug|Any CPU.ActiveCfg = Debug|Any CPU
		{D80A0B6C-3D63-4A3B-8F99-38CCF8C22FA8}.Debug|Any CPU.Build.0 = Debug|Any CPU
		{D80A0B6C-3D63-4A3B-8F99-38CCF8C22FA8}.Release|Any CPU.ActiveCfg = Release|Any CPU
		{D80A0B6C-3D63-4A3B-8F99-38CCF8C22FA8}.Release|Any CPU.Build.0 = Release|Any CPU
	EndGlobalSection
	GlobalSection(SolutionProperties) = preSolution
		HideSolutionNode = FALSE
	EndGlobalSection
	GlobalSection(ExtensibilityGlobals) = postSolution
		SolutionGuid = {E6C01389-7ED4-46CE-8492-574E1E2824D9}
	EndGlobalSection
EndGlobal
