
Microsoft Visual Studio Solution File, Format Version 12.00
# Visual Studio Version 16
VisualStudioVersion = 16.0.31321.278
MinimumVisualStudioVersion = 10.0.40219.1
Project("{FAE04EC0-301F-11D3-BF4B-00C04F79EFBC}") = "EmployeeSalaryCalculator", "EmployeeSalaryCalculator\EmployeeSalaryCalculator.csproj", "{9557804F-B4A7-4DE3-8A6A-473D17DD6E9D}"
EndProject
Project("{2150E333-8FDC-42A3-9474-1A3956D46DE8}") = "Solution Items", "Solution Items", "{A7AB8EDA-75C6-456E-8E68-7F187FB9048C}"
EndProject
Global
	GlobalSection(SolutionConfigurationPlatforms) = preSolution
		Debug|Any CPU = Debug|Any CPU
		Release|Any CPU = Release|Any CPU
	EndGlobalSection
	GlobalSection(ProjectConfigurationPlatforms) = postSolution
		{9557804F-B4A7-4DE3-8A6A-473D17DD6E9D}.Debug|Any CPU.ActiveCfg = Debug|Any CPU
		{9557804F-B4A7-4DE3-8A6A-473D17DD6E9D}.Debug|Any CPU.Build.0 = Debug|Any CPU
		{9557804F-B4A7-4DE3-8A6A-473D17DD6E9D}.Release|Any CPU.ActiveCfg = Release|Any CPU
		{9557804F-B4A7-4DE3-8A6A-473D17DD6E9D}.Release|Any CPU.Build.0 = Release|Any CPU
	EndGlobalSection
	GlobalSection(SolutionProperties) = preSolution
		HideSolutionNode = FALSE
	EndGlobalSection
	GlobalSection(ExtensibilityGlobals) = postSolution
		SolutionGuid = {C6E23C9E-949D-4F6C-8C42-0F0E6E4E521A}
	EndGlobalSection
EndGlobal
